schema: '2.0'
stages:
  download-20170105:
    cmd: stages/01_download_db_20170105.sh
    deps:
    - path: stages/01_download_db_20170105.sh
      hash: md5
      md5: 6369e51a35200af74e8359122d1afa11
      size: 500
    outs:
    - path: download/aact/db-dump/20170105_clinical_trials.zip
      hash: md5
      md5: 54550221d6d2f728b5df64ea40078b2b
      size: 639987071
  download-20240430:
    cmd: stages/01_download_db_20240430.sh
    deps:
    - path: stages/01_download_db_20240430.sh
      hash: md5
      md5: 0f380d067cb2eeab31c97253811e9fb5
      size: 412
    outs:
    - path: download/aact/db-dump/20240430_clinical_trials.zip
      hash: md5
      md5: dd7dd067786f58bbd6cd43758fc1a3da
      size: 1831128430
  download-paper-data:
    cmd: stages/01_download_paper_data.sh
    deps:
    - path: stages/01_download_paper_data.sh
      hash: md5
      md5: 9cbfcb140a15b9b54101639dff6653e0
      size: 524
    outs:
    - path: download/anderson2015
      hash: md5
      md5: 0f627e15c08e5ec23c2eabe0ad574d25.dir
      size: 4199399
      nfiles: 2
  build-paper-data:
    cmd: stages/02_build-anderson2015.sh
    deps:
    - path: download/anderson2015
      hash: md5
      md5: 0f627e15c08e5ec23c2eabe0ad574d25.dir
      size: 4199399
      nfiles: 2
    - path: stages/02_build-anderson2015.sh
      hash: md5
      md5: 0942894b0d5b0d180db7a7deecc38f64
      size: 464
    - path: stages/csv2parquet.py
      hash: md5
      md5: 7ad66f7287f06705bbbd11fd0791ad63
      size: 1260
    outs:
    - path: brick/anderson2015
      hash: md5
      md5: 1395cc31b50eca34bf0a57f5a4ed9d0f.dir
      size: 1387361
      nfiles: 4
  download-cthist-json:
    cmd: stages/01_download_cthist_json.sh
    deps:
    - path: brick/anderson2015
      hash: md5
      md5: 1395cc31b50eca34bf0a57f5a4ed9d0f.dir
      size: 1387361
      nfiles: 4
    - path: download/aact/db-dump/20240430_clinical_trials.zip
      hash: md5
      md5: dd7dd067786f58bbd6cd43758fc1a3da
      size: 1831128430
    - path: stages/01_download_cthist_json.sh
      hash: md5
      md5: 77aad131be4444d3d01bccb4527bb04b
      size: 952
    - path: stages/fetch-cthist-json.pl
      hash: md5
      md5: e9cc9af2851ee15b912f6658d4d38752
      size: 12768
    outs:
    - path: download/ctgov/historical
      hash: md5
      md5: e040593bab918704633877b9b5c89197.dir
      size: 72594385446
      nfiles: 492953
  build-ctgov-studies-all@anderson2015_2008-2012:
    cmd:
    - mkdir -p $(dirname brick/analysis-20130927/ctgov-studies-all.parquet)
    - script/tt-render-by-param anderson2015_2008-2012 sql/create_cthist_all.sql |
      duckdb
    deps:
    - path: download/ctgov/historical
      hash: md5
      md5: e040593bab918704633877b9b5c89197.dir
      size: 72594385446
      nfiles: 492953
    - path: sql/create_cthist_all.sql
      hash: md5
      md5: c98c01d4acd0f12fa5b90ca355af8037
      size: 8389
    outs:
    - path: brick/analysis-20130927/ctgov-studies-all.parquet
      hash: md5
      md5: 19da8beecb1f7ece7952125cfa648823
      size: 6214494
  build-ctgov-studies-all@stanford_2019-2023:
    cmd:
    - mkdir -p $(dirname brick/analysis-20240430/ctgov-studies-all.parquet)
    - script/tt-render-by-param stanford_2019-2023 sql/create_cthist_all.sql | duckdb
    deps:
    - path: download/ctgov/historical
      hash: md5
      md5: e040593bab918704633877b9b5c89197.dir
      size: 72594385446
      nfiles: 492953
    - path: sql/create_cthist_all.sql
      hash: md5
      md5: c98c01d4acd0f12fa5b90ca355af8037
      size: 8389
    outs:
    - path: brick/analysis-20240430/ctgov-studies-all.parquet
      hash: md5
      md5: 89074fdb6b83002d8a42ce155cff55ca
      size: 22440417
  build-ctgov-studies-hlact-filtered@anderson2015_2008-2012:
    cmd:
    - make docker-compose-up
    - mkdir -p $(dirname brick/analysis-20130927/ctgov-studies-hlact.parquet)
    - . .env; script/tt-render-by-param anderson2015_2008-2012 sql/create_cthist_hlact.sql
      | duckdb
    deps:
    - path: brick/analysis-20130927/ctgov-studies-all.parquet
      hash: md5
      md5: 19da8beecb1f7ece7952125cfa648823
      size: 6214494
    - path: download/aact/db-dump/20240430_clinical_trials.zip
      hash: md5
      md5: dd7dd067786f58bbd6cd43758fc1a3da
      size: 1831128430
    - path: sql/create_cthist_hlact.sql
      hash: md5
      md5: a6a598b2d9b875dfd0abd5aae6170915
      size: 4300
    outs:
    - path: brick/analysis-20130927/ctgov-studies-hlact.parquet
      hash: md5
      md5: 8657fb6e917a517aada6e7c3db724f40
      size: 965624
  build-ctgov-studies-hlact-filtered@stanford_2019-2023:
    cmd:
    - make docker-compose-up
    - mkdir -p $(dirname brick/analysis-20240430/ctgov-studies-hlact.parquet)
    - . .env; script/tt-render-by-param stanford_2019-2023 sql/create_cthist_hlact.sql
      | duckdb
    deps:
    - path: brick/analysis-20240430/ctgov-studies-all.parquet
      hash: md5
      md5: 89074fdb6b83002d8a42ce155cff55ca
      size: 22440417
    - path: download/aact/db-dump/20240430_clinical_trials.zip
      hash: md5
      md5: dd7dd067786f58bbd6cd43758fc1a3da
      size: 1831128430
    - path: sql/create_cthist_hlact.sql
      hash: md5
      md5: a6a598b2d9b875dfd0abd5aae6170915
      size: 4300
    outs:
    - path: brick/analysis-20240430/ctgov-studies-hlact.parquet
      hash: md5
      md5: 06b759a066819431d7f7076e247965f5
      size: 1641713
  build-ctgov-studies-all@sliding-window_n-1_20130901:
    cmd:
    - mkdir -p $(dirname brick/sliding-window/n-1_20130901/ctgov-studies-all.parquet)
    - script/tt-render-by-param sliding-window_n-1_20130901 sql/create_cthist_all.sql
      | duckdb
    deps:
    - path: download/ctgov/historical
      hash: md5
      md5: e040593bab918704633877b9b5c89197.dir
      size: 72594385446
      nfiles: 492953
    - path: sql/create_cthist_all.sql
      hash: md5
      md5: c98c01d4acd0f12fa5b90ca355af8037
      size: 8389
    outs:
    - path: brick/sliding-window/n-1_20130901/ctgov-studies-all.parquet
      hash: md5
      md5: a907d0aa20829ee4eba7634f29406fd0
      size: 6151114
  build-ctgov-studies-all@sliding-window_n-2_20160101:
    cmd:
    - mkdir -p $(dirname brick/sliding-window/n-2_20160101/ctgov-studies-all.parquet)
    - script/tt-render-by-param sliding-window_n-2_20160101 sql/create_cthist_all.sql
      | duckdb
    deps:
    - path: download/ctgov/historical
      hash: md5
      md5: e040593bab918704633877b9b5c89197.dir
      size: 72594385446
      nfiles: 492953
    - path: sql/create_cthist_all.sql
      hash: md5
      md5: c98c01d4acd0f12fa5b90ca355af8037
      size: 8389
    outs:
    - path: brick/sliding-window/n-2_20160101/ctgov-studies-all.parquet
      hash: md5
      md5: 15a89461aa2b8dce4bc71743d6431131
      size: 8522162
  build-ctgov-studies-all@sliding-window_n-3_20180501:
    cmd:
    - mkdir -p $(dirname brick/sliding-window/n-3_20180501/ctgov-studies-all.parquet)
    - script/tt-render-by-param sliding-window_n-3_20180501 sql/create_cthist_all.sql
      | duckdb
    deps:
    - path: download/ctgov/historical
      hash: md5
      md5: e040593bab918704633877b9b5c89197.dir
      size: 72594385446
      nfiles: 492953
    - path: sql/create_cthist_all.sql
      hash: md5
      md5: c98c01d4acd0f12fa5b90ca355af8037
      size: 8389
    outs:
    - path: brick/sliding-window/n-3_20180501/ctgov-studies-all.parquet
      hash: md5
      md5: aacaaaa86009c292850350bffe3a4afc
      size: 11925329
  build-ctgov-studies-all@sliding-window_n-4_20200901:
    cmd:
    - mkdir -p $(dirname brick/sliding-window/n-4_20200901/ctgov-studies-all.parquet)
    - script/tt-render-by-param sliding-window_n-4_20200901 sql/create_cthist_all.sql
      | duckdb
    deps:
    - path: download/ctgov/historical
      hash: md5
      md5: e040593bab918704633877b9b5c89197.dir
      size: 72594385446
      nfiles: 492953
    - path: sql/create_cthist_all.sql
      hash: md5
      md5: c98c01d4acd0f12fa5b90ca355af8037
      size: 8389
    outs:
    - path: brick/sliding-window/n-4_20200901/ctgov-studies-all.parquet
      hash: md5
      md5: aaab04deb2706b6a8a1c7c78a281ca92
      size: 15690655
  build-ctgov-studies-all@sliding-window_n-5_20230101:
    cmd:
    - mkdir -p $(dirname brick/sliding-window/n-5_20230101/ctgov-studies-all.parquet)
    - script/tt-render-by-param sliding-window_n-5_20230101 sql/create_cthist_all.sql
      | duckdb
    deps:
    - path: download/ctgov/historical
      hash: md5
      md5: e040593bab918704633877b9b5c89197.dir
      size: 72594385446
      nfiles: 492953
    - path: sql/create_cthist_all.sql
      hash: md5
      md5: c98c01d4acd0f12fa5b90ca355af8037
      size: 8389
    outs:
    - path: brick/sliding-window/n-5_20230101/ctgov-studies-all.parquet
      hash: md5
      md5: b7c6c6afb880431fece5c6a7d5968e7a
      size: 19903201
  build-ctgov-studies-hlact-filtered@sliding-window_n-1_20130901:
    cmd:
    - make docker-compose-up
    - mkdir -p $(dirname brick/sliding-window/n-1_20130901/ctgov-studies-hlact.parquet)
    - . .env; script/tt-render-by-param sliding-window_n-1_20130901 sql/create_cthist_hlact.sql
      | duckdb
    deps:
    - path: brick/sliding-window/n-1_20130901/ctgov-studies-all.parquet
      hash: md5
      md5: a907d0aa20829ee4eba7634f29406fd0
      size: 6151114
    - path: download/aact/db-dump/20240430_clinical_trials.zip
      hash: md5
      md5: dd7dd067786f58bbd6cd43758fc1a3da
      size: 1831128430
    - path: sql/create_cthist_hlact.sql
      hash: md5
      md5: a6a598b2d9b875dfd0abd5aae6170915
      size: 4300
    outs:
    - path: brick/sliding-window/n-1_20130901/ctgov-studies-hlact.parquet
      hash: md5
      md5: 1e0517756ca4d135d8205a3538bd8d08
      size: 958846
  build-ctgov-studies-hlact-filtered@sliding-window_n-2_20160101:
    cmd:
    - make docker-compose-up
    - mkdir -p $(dirname brick/sliding-window/n-2_20160101/ctgov-studies-hlact.parquet)
    - . .env; script/tt-render-by-param sliding-window_n-2_20160101 sql/create_cthist_hlact.sql
      | duckdb
    deps:
    - path: brick/sliding-window/n-2_20160101/ctgov-studies-all.parquet
      hash: md5
      md5: 15a89461aa2b8dce4bc71743d6431131
      size: 8522162
    - path: download/aact/db-dump/20240430_clinical_trials.zip
      hash: md5
      md5: dd7dd067786f58bbd6cd43758fc1a3da
      size: 1831128430
    - path: sql/create_cthist_hlact.sql
      hash: md5
      md5: a6a598b2d9b875dfd0abd5aae6170915
      size: 4300
    outs:
    - path: brick/sliding-window/n-2_20160101/ctgov-studies-hlact.parquet
      hash: md5
      md5: ad7aa65b93dd7ef4ccb0276e59af8af7
      size: 1059201
  build-ctgov-studies-hlact-filtered@sliding-window_n-3_20180501:
    cmd:
    - make docker-compose-up
    - mkdir -p $(dirname brick/sliding-window/n-3_20180501/ctgov-studies-hlact.parquet)
    - . .env; script/tt-render-by-param sliding-window_n-3_20180501 sql/create_cthist_hlact.sql
      | duckdb
    deps:
    - path: brick/sliding-window/n-3_20180501/ctgov-studies-all.parquet
      hash: md5
      md5: aacaaaa86009c292850350bffe3a4afc
      size: 11925329
    - path: download/aact/db-dump/20240430_clinical_trials.zip
      hash: md5
      md5: dd7dd067786f58bbd6cd43758fc1a3da
      size: 1831128430
    - path: sql/create_cthist_hlact.sql
      hash: md5
      md5: a6a598b2d9b875dfd0abd5aae6170915
      size: 4300
    outs:
    - path: brick/sliding-window/n-3_20180501/ctgov-studies-hlact.parquet
      hash: md5
      md5: 1fdf0567a6f2bf3a582c8749ea989d6b
      size: 1244597
  build-ctgov-studies-hlact-filtered@sliding-window_n-4_20200901:
    cmd:
    - make docker-compose-up
    - mkdir -p $(dirname brick/sliding-window/n-4_20200901/ctgov-studies-hlact.parquet)
    - . .env; script/tt-render-by-param sliding-window_n-4_20200901 sql/create_cthist_hlact.sql
      | duckdb
    deps:
    - path: brick/sliding-window/n-4_20200901/ctgov-studies-all.parquet
      hash: md5
      md5: aaab04deb2706b6a8a1c7c78a281ca92
      size: 15690655
    - path: download/aact/db-dump/20240430_clinical_trials.zip
      hash: md5
      md5: dd7dd067786f58bbd6cd43758fc1a3da
      size: 1831128430
    - path: sql/create_cthist_hlact.sql
      hash: md5
      md5: a6a598b2d9b875dfd0abd5aae6170915
      size: 4300
    outs:
    - path: brick/sliding-window/n-4_20200901/ctgov-studies-hlact.parquet
      hash: md5
      md5: 7f8378a9873fe9f470ba3fd015442b1c
      size: 1501195
  build-ctgov-studies-hlact-filtered@sliding-window_n-5_20230101:
    cmd:
    - make docker-compose-up
    - mkdir -p $(dirname brick/sliding-window/n-5_20230101/ctgov-studies-hlact.parquet)
    - . .env; script/tt-render-by-param sliding-window_n-5_20230101 sql/create_cthist_hlact.sql
      | duckdb
    deps:
    - path: brick/sliding-window/n-5_20230101/ctgov-studies-all.parquet
      hash: md5
      md5: b7c6c6afb880431fece5c6a7d5968e7a
      size: 19903201
    - path: download/aact/db-dump/20240430_clinical_trials.zip
      hash: md5
      md5: dd7dd067786f58bbd6cd43758fc1a3da
      size: 1831128430
    - path: sql/create_cthist_hlact.sql
      hash: md5
      md5: a6a598b2d9b875dfd0abd5aae6170915
      size: 4300
    outs:
    - path: brick/sliding-window/n-5_20230101/ctgov-studies-hlact.parquet
      hash: md5
      md5: 127686e57d85a4c7ebcb8e1cfe265d80
      size: 1704928
  analysis-driver-sliding-window:
    cmd: echo "test"
    deps:
    - path: brick/sliding-window
      hash: md5
      md5: 78fcb16d97b4959f396aad983f1a6ce4.dir
      size: 68920013
      nfiles: 10
  analysis-driver-sliding_sliding-window:
    cmd: "Rscript analysis/driver-sliding.R params.yaml sliding-window\n"
    deps:
    - path: analysis/driver-sliding.R
      hash: md5
      md5: 62e4be02b6c535b8c6b6ec6c250430ca
      size: 6709
    - path: brick/sliding-window
      hash: md5
      md5: 8a4493ab5c508ad74a96b8362c26b017.dir
      size: 68661228
      nfiles: 10
    - path: params.yaml
      hash: md5
      md5: 8a3e78f684c5d24b264f290221bde6c7
      size: 3685
    outs:
    - path: figtab/sliding-window
      hash: md5
      md5: 5c1cbae40bca02e2c8e7f240bb5d7a12.dir
      size: 1891218
      nfiles: 7
  build-ctgov-studies-all@long-observe_n-1_20170101:
    cmd:
    - mkdir -p $(dirname brick/long-observe/n-1_20170101/ctgov-studies-all.parquet)
    - script/tt-render-by-param long-observe_n-1_20170101 sql/create_cthist_all.sql
      | duckdb
    deps:
    - path: download/ctgov/historical
      hash: md5
      md5: e040593bab918704633877b9b5c89197.dir
      size: 72594385446
      nfiles: 492953
    - path: sql/create_cthist_all.sql
      hash: md5
      md5: c98c01d4acd0f12fa5b90ca355af8037
      size: 8389
    outs:
    - path: brick/long-observe/n-1_20170101/ctgov-studies-all.parquet
      hash: md5
      md5: c86aebe976c10a6975d03231e264d9ac
      size: 9706858
  build-ctgov-studies-all@long-observe_n-2_20190101:
    cmd:
    - mkdir -p $(dirname brick/long-observe/n-2_20190101/ctgov-studies-all.parquet)
    - script/tt-render-by-param long-observe_n-2_20190101 sql/create_cthist_all.sql
      | duckdb
    deps:
    - path: download/ctgov/historical
      hash: md5
      md5: e040593bab918704633877b9b5c89197.dir
      size: 72594385446
      nfiles: 492953
    - path: sql/create_cthist_all.sql
      hash: md5
      md5: c98c01d4acd0f12fa5b90ca355af8037
      size: 8389
    outs:
    - path: brick/long-observe/n-2_20190101/ctgov-studies-all.parquet
      hash: md5
      md5: 69afac82dcd2982aedd61a102fabbcd9
      size: 12944321
  build-ctgov-studies-all@long-observe_n-3_20210101:
    cmd:
    - mkdir -p $(dirname brick/long-observe/n-3_20210101/ctgov-studies-all.parquet)
    - script/tt-render-by-param long-observe_n-3_20210101 sql/create_cthist_all.sql
      | duckdb
    deps:
    - path: download/ctgov/historical
      hash: md5
      md5: e040593bab918704633877b9b5c89197.dir
      size: 72594385446
      nfiles: 492953
    - path: sql/create_cthist_all.sql
      hash: md5
      md5: c98c01d4acd0f12fa5b90ca355af8037
      size: 8389
    outs:
    - path: brick/long-observe/n-3_20210101/ctgov-studies-all.parquet
      hash: md5
      md5: bad7defc68c0469e8b202359d085e8e3
      size: 16252169
  build-ctgov-studies-all@long-observe_n-4_20230101:
    cmd:
    - mkdir -p $(dirname brick/long-observe/n-4_20230101/ctgov-studies-all.parquet)
    - script/tt-render-by-param long-observe_n-4_20230101 sql/create_cthist_all.sql
      | duckdb
    deps:
    - path: download/ctgov/historical
      hash: md5
      md5: e040593bab918704633877b9b5c89197.dir
      size: 72594385446
      nfiles: 492953
    - path: sql/create_cthist_all.sql
      hash: md5
      md5: c98c01d4acd0f12fa5b90ca355af8037
      size: 8389
    outs:
    - path: brick/long-observe/n-4_20230101/ctgov-studies-all.parquet
      hash: md5
      md5: b198288a82145ff29c1bb5806dd02128
      size: 19903201
  build-ctgov-studies-hlact-filtered@long-observe_n-1_20170101:
    cmd:
    - make docker-compose-up
    - mkdir -p $(dirname brick/long-observe/n-1_20170101/ctgov-studies-hlact.parquet)
    - . .env; script/tt-render-by-param long-observe_n-1_20170101 sql/create_cthist_hlact.sql
      | duckdb
    deps:
    - path: brick/long-observe/n-1_20170101/ctgov-studies-all.parquet
      hash: md5
      md5: c86aebe976c10a6975d03231e264d9ac
      size: 9706858
    - path: download/aact/db-dump/20240430_clinical_trials.zip
      hash: md5
      md5: dd7dd067786f58bbd6cd43758fc1a3da
      size: 1831128430
    - path: sql/create_cthist_hlact.sql
      hash: md5
      md5: a6a598b2d9b875dfd0abd5aae6170915
      size: 4300
    outs:
    - path: brick/long-observe/n-1_20170101/ctgov-studies-hlact.parquet
      hash: md5
      md5: 66a05f0bdef6f19b255b896a87ebfcf7
      size: 954063
  build-ctgov-studies-hlact-filtered@long-observe_n-2_20190101:
    cmd:
    - make docker-compose-up
    - mkdir -p $(dirname brick/long-observe/n-2_20190101/ctgov-studies-hlact.parquet)
    - . .env; script/tt-render-by-param long-observe_n-2_20190101 sql/create_cthist_hlact.sql
      | duckdb
    deps:
    - path: brick/long-observe/n-2_20190101/ctgov-studies-all.parquet
      hash: md5
      md5: 69afac82dcd2982aedd61a102fabbcd9
      size: 12944321
    - path: download/aact/db-dump/20240430_clinical_trials.zip
      hash: md5
      md5: dd7dd067786f58bbd6cd43758fc1a3da
      size: 1831128430
    - path: sql/create_cthist_hlact.sql
      hash: md5
      md5: a6a598b2d9b875dfd0abd5aae6170915
      size: 4300
    outs:
    - path: brick/long-observe/n-2_20190101/ctgov-studies-hlact.parquet
      hash: md5
      md5: 822321799e13b3aa9aa048318d2bf0be
      size: 1066943
  build-ctgov-studies-hlact-filtered@long-observe_n-3_20210101:
    cmd:
    - make docker-compose-up
    - mkdir -p $(dirname brick/long-observe/n-3_20210101/ctgov-studies-hlact.parquet)
    - . .env; script/tt-render-by-param long-observe_n-3_20210101 sql/create_cthist_hlact.sql
      | duckdb
    deps:
    - path: brick/long-observe/n-3_20210101/ctgov-studies-all.parquet
      hash: md5
      md5: bad7defc68c0469e8b202359d085e8e3
      size: 16252169
    - path: download/aact/db-dump/20240430_clinical_trials.zip
      hash: md5
      md5: dd7dd067786f58bbd6cd43758fc1a3da
      size: 1831128430
    - path: sql/create_cthist_hlact.sql
      hash: md5
      md5: a6a598b2d9b875dfd0abd5aae6170915
      size: 4300
    outs:
    - path: brick/long-observe/n-3_20210101/ctgov-studies-hlact.parquet
      hash: md5
      md5: cf1f204b95fa78579bc8861c4ac17bc0
      size: 1169245
  build-ctgov-studies-hlact-filtered@long-observe_n-4_20230101:
    cmd:
    - make docker-compose-up
    - mkdir -p $(dirname brick/long-observe/n-4_20230101/ctgov-studies-hlact.parquet)
    - . .env; script/tt-render-by-param long-observe_n-4_20230101 sql/create_cthist_hlact.sql
      | duckdb
    deps:
    - path: brick/long-observe/n-4_20230101/ctgov-studies-all.parquet
      hash: md5
      md5: b198288a82145ff29c1bb5806dd02128
      size: 19903201
    - path: download/aact/db-dump/20240430_clinical_trials.zip
      hash: md5
      md5: dd7dd067786f58bbd6cd43758fc1a3da
      size: 1831128430
    - path: sql/create_cthist_hlact.sql
      hash: md5
      md5: a6a598b2d9b875dfd0abd5aae6170915
      size: 4300
    outs:
    - path: brick/long-observe/n-4_20230101/ctgov-studies-hlact.parquet
      hash: md5
      md5: b0e487bf0dfcedfa1658ae2c027d41c0
      size: 1338857
  analysis-driver-sliding_long-observe:
    cmd: "Rscript analysis/driver-sliding.R params.yaml long-observe\n"
    deps:
    - path: analysis/driver-sliding.R
      hash: md5
      md5: c74dce1ec75b421a2fde9426460d2022
      size: 7469
    - path: brick/long-observe
      hash: md5
      md5: 0f60740937307662185545d5143bca28.dir
      size: 119885106
      nfiles: 14
    - path: params.yaml
      hash: md5
      md5: 5addf42e81a2fdae7e3e4a23484d43b9
      size: 4095
    outs:
    - path: figtab/long-observe
      hash: md5
      md5: da79633d46d0f1074fc97b50cfdf0483.dir
      size: 1580051
      nfiles: 6
