schema: '2.0'
stages:
  download-20170105:
    cmd: stages/01_download_db_20170105.sh
    deps:
    - path: stages/01_download_db_20170105.sh
      hash: md5
      md5: 6369e51a35200af74e8359122d1afa11
      size: 500
    outs:
    - path: download/aact/db-dump/20170105_clinical_trials.zip
      hash: md5
      md5: 54550221d6d2f728b5df64ea40078b2b
      size: 639987071
  download-20240430:
    cmd: stages/01_download_db_20240430.sh
    deps:
    - path: stages/01_download_db_20240430.sh
      hash: md5
      md5: 0f380d067cb2eeab31c97253811e9fb5
      size: 412
    outs:
    - path: download/aact/db-dump/20240430_clinical_trials.zip
      hash: md5
      md5: dd7dd067786f58bbd6cd43758fc1a3da
      size: 1831128430
  download-paper-data:
    cmd: stages/01_download_paper_data.sh
    deps:
    - path: stages/01_download_paper_data.sh
      hash: md5
      md5: 9cbfcb140a15b9b54101639dff6653e0
      size: 524
    outs:
    - path: download/anderson2015
      hash: md5
      md5: 0f627e15c08e5ec23c2eabe0ad574d25.dir
      size: 4199399
      nfiles: 2
  build-paper-data:
    cmd: stages/02_build-anderson2015.sh
    deps:
    - path: download/anderson2015
      hash: md5
      md5: 0f627e15c08e5ec23c2eabe0ad574d25.dir
      size: 4199399
      nfiles: 2
    - path: stages/02_build-anderson2015.sh
      hash: md5
      md5: 0942894b0d5b0d180db7a7deecc38f64
      size: 464
    - path: stages/csv2parquet.py
      hash: md5
      md5: 7ad66f7287f06705bbbd11fd0791ad63
      size: 1260
    outs:
    - path: brick/anderson2015
      hash: md5
      md5: 1395cc31b50eca34bf0a57f5a4ed9d0f.dir
      size: 1387361
      nfiles: 4
  download-cthist-json:
    cmd: stages/01_download_cthist_json.sh
    deps:
    - path: brick/anderson2015
      hash: md5
      md5: 1395cc31b50eca34bf0a57f5a4ed9d0f.dir
      size: 1387361
      nfiles: 4
    - path: download/aact/db-dump/20240430_clinical_trials.zip
      hash: md5
      md5: dd7dd067786f58bbd6cd43758fc1a3da
      size: 1831128430
    - path: stages/01_download_cthist_json.sh
      hash: md5
      md5: 77aad131be4444d3d01bccb4527bb04b
      size: 952
    - path: stages/fetch-cthist-json.pl
      hash: md5
      md5: e9cc9af2851ee15b912f6658d4d38752
      size: 12768
    outs:
    - path: download/ctgov/historical
      hash: md5
      md5: e040593bab918704633877b9b5c89197.dir
      size: 72594385446
      nfiles: 492953
  build-ctgov-studies-all@anderson2015_2008-2012:
    cmd:
    - mkdir -p $(dirname brick/analysis-20130927/ctgov-studies-all.parquet)
    - ". .env;\n(\n  if [ -n \"$MY_DUCKDB_TEMP_DIR\" ] && [ -d \"$MY_DUCKDB_TEMP_DIR\"\
      \ ]; then\n    echo \"Setting the DuckDB temp_directory to $MY_DUCKDB_TEMP_DIR\"\
      \ >&2 ;\n    echo \"SET temp_directory='$MY_DUCKDB_TEMP_DIR';\" ;\n  fi;\n \
      \ if [ -n \"$MY_DUCKDB_MEMORY_LIMIT\" ]; then\n    echo \"Setting the DuckDB
      memory_limit to $MY_DUCKDB_MEMORY_LIMIT\" >&2 ;\n    echo \"SET memory_limit
      = '$MY_DUCKDB_MEMORY_LIMIT';\" ;\n  fi;\n  script/tt-render-by-param anderson2015_2008-2012
      sql/create_cthist_all.sql\n) | duckdb\n"
    deps:
    - path: brick/ctgov/historical/records.parquet
      hash: md5
      md5: 395ca67eea0f3859eea87ec3970ce96e
      size: 16627732062
    - path: sql/create_cthist_all.sql
      hash: md5
      md5: bbab96def9beb1d8f2400fd9ee2ae734
      size: 9961
    outs:
    - path: brick/analysis-20130927/ctgov-studies-all.parquet
      hash: md5
      md5: 58f3116c69ae66b86352fb8d19781ddd
      size: 7113531
  build-ctgov-studies-all@stanford_2019-2023:
    cmd:
    - mkdir -p $(dirname brick/analysis-20240430/ctgov-studies-all.parquet)
    - ". .env;\n(\n  if [ -n \"$MY_DUCKDB_TEMP_DIR\" ] && [ -d \"$MY_DUCKDB_TEMP_DIR\"\
      \ ]; then\n    echo \"Setting the DuckDB temp_directory to $MY_DUCKDB_TEMP_DIR\"\
      \ >&2 ;\n    echo \"SET temp_directory='$MY_DUCKDB_TEMP_DIR';\" ;\n  fi;\n \
      \ if [ -n \"$MY_DUCKDB_MEMORY_LIMIT\" ]; then\n    echo \"Setting the DuckDB
      memory_limit to $MY_DUCKDB_MEMORY_LIMIT\" >&2 ;\n    echo \"SET memory_limit
      = '$MY_DUCKDB_MEMORY_LIMIT';\" ;\n  fi;\n  script/tt-render-by-param stanford_2019-2023
      sql/create_cthist_all.sql\n) | duckdb\n"
    deps:
    - path: brick/ctgov/historical/records.parquet
      hash: md5
      md5: 395ca67eea0f3859eea87ec3970ce96e
      size: 16627732062
    - path: sql/create_cthist_all.sql
      hash: md5
      md5: bbab96def9beb1d8f2400fd9ee2ae734
      size: 9961
    outs:
    - path: brick/analysis-20240430/ctgov-studies-all.parquet
      hash: md5
      md5: d4745810b2c47af2da2e50ef4f4d6c8c
      size: 25882077
  build-ctgov-studies-hlact-filtered@anderson2015_2008-2012:
    cmd:
    - make docker-compose-up
    - mkdir -p $(dirname brick/analysis-20130927/ctgov-studies-hlact.parquet)
    - . .env; script/tt-render-by-param anderson2015_2008-2012 sql/create_cthist_hlact.sql
      | duckdb
    deps:
    - path: brick/analysis-20130927/ctgov-studies-all.parquet
      hash: md5
      md5: 58f3116c69ae66b86352fb8d19781ddd
      size: 7113531
    - path: download/aact/db-dump/20240430_clinical_trials.zip
      hash: md5
      md5: dd7dd067786f58bbd6cd43758fc1a3da
      size: 1831128430
    - path: sql/create_cthist_hlact.sql
      hash: md5
      md5: a6a598b2d9b875dfd0abd5aae6170915
      size: 4300
    outs:
    - path: brick/analysis-20130927/ctgov-studies-hlact.parquet
      hash: md5
      md5: 744aad92ed9677df2e9ac4486ada7945
      size: 997632
  build-ctgov-studies-hlact-filtered@stanford_2019-2023:
    cmd:
    - make docker-compose-up
    - mkdir -p $(dirname brick/analysis-20240430/ctgov-studies-hlact.parquet)
    - . .env; script/tt-render-by-param stanford_2019-2023 sql/create_cthist_hlact.sql
      | duckdb
    deps:
    - path: brick/analysis-20240430/ctgov-studies-all.parquet
      hash: md5
      md5: d4745810b2c47af2da2e50ef4f4d6c8c
      size: 25882077
    - path: download/aact/db-dump/20240430_clinical_trials.zip
      hash: md5
      md5: dd7dd067786f58bbd6cd43758fc1a3da
      size: 1831128430
    - path: sql/create_cthist_hlact.sql
      hash: md5
      md5: a6a598b2d9b875dfd0abd5aae6170915
      size: 4300
    outs:
    - path: brick/analysis-20240430/ctgov-studies-hlact.parquet
      hash: md5
      md5: bffed8257857ce3479d2dd3b98437087
      size: 1690787
  build-ctgov-studies-all@sliding-window_n-1_20130901:
    cmd:
    - mkdir -p $(dirname brick/sliding-window/n-1_20130901/ctgov-studies-all.parquet)
    - script/tt-render-by-param sliding-window_n-1_20130901 sql/create_cthist_all.sql
      | duckdb
    deps:
    - path: download/ctgov/historical
      hash: md5
      md5: e040593bab918704633877b9b5c89197.dir
      size: 72594385446
      nfiles: 492953
    - path: sql/create_cthist_all.sql
      hash: md5
      md5: c98c01d4acd0f12fa5b90ca355af8037
      size: 8389
    outs:
    - path: brick/sliding-window/n-1_20130901/ctgov-studies-all.parquet
      hash: md5
      md5: a907d0aa20829ee4eba7634f29406fd0
      size: 6151114
  build-ctgov-studies-all@sliding-window_n-2_20160101:
    cmd:
    - mkdir -p $(dirname brick/sliding-window/n-2_20160101/ctgov-studies-all.parquet)
    - script/tt-render-by-param sliding-window_n-2_20160101 sql/create_cthist_all.sql
      | duckdb
    deps:
    - path: download/ctgov/historical
      hash: md5
      md5: e040593bab918704633877b9b5c89197.dir
      size: 72594385446
      nfiles: 492953
    - path: sql/create_cthist_all.sql
      hash: md5
      md5: c98c01d4acd0f12fa5b90ca355af8037
      size: 8389
    outs:
    - path: brick/sliding-window/n-2_20160101/ctgov-studies-all.parquet
      hash: md5
      md5: 15a89461aa2b8dce4bc71743d6431131
      size: 8522162
  build-ctgov-studies-all@sliding-window_n-3_20180501:
    cmd:
    - mkdir -p $(dirname brick/sliding-window/n-3_20180501/ctgov-studies-all.parquet)
    - script/tt-render-by-param sliding-window_n-3_20180501 sql/create_cthist_all.sql
      | duckdb
    deps:
    - path: download/ctgov/historical
      hash: md5
      md5: e040593bab918704633877b9b5c89197.dir
      size: 72594385446
      nfiles: 492953
    - path: sql/create_cthist_all.sql
      hash: md5
      md5: c98c01d4acd0f12fa5b90ca355af8037
      size: 8389
    outs:
    - path: brick/sliding-window/n-3_20180501/ctgov-studies-all.parquet
      hash: md5
      md5: aacaaaa86009c292850350bffe3a4afc
      size: 11925329
  build-ctgov-studies-all@sliding-window_n-4_20200901:
    cmd:
    - mkdir -p $(dirname brick/sliding-window/n-4_20200901/ctgov-studies-all.parquet)
    - script/tt-render-by-param sliding-window_n-4_20200901 sql/create_cthist_all.sql
      | duckdb
    deps:
    - path: download/ctgov/historical
      hash: md5
      md5: e040593bab918704633877b9b5c89197.dir
      size: 72594385446
      nfiles: 492953
    - path: sql/create_cthist_all.sql
      hash: md5
      md5: c98c01d4acd0f12fa5b90ca355af8037
      size: 8389
    outs:
    - path: brick/sliding-window/n-4_20200901/ctgov-studies-all.parquet
      hash: md5
      md5: aaab04deb2706b6a8a1c7c78a281ca92
      size: 15690655
  build-ctgov-studies-all@sliding-window_n-5_20230101:
    cmd:
    - mkdir -p $(dirname brick/sliding-window/n-5_20230101/ctgov-studies-all.parquet)
    - script/tt-render-by-param sliding-window_n-5_20230101 sql/create_cthist_all.sql
      | duckdb
    deps:
    - path: download/ctgov/historical
      hash: md5
      md5: e040593bab918704633877b9b5c89197.dir
      size: 72594385446
      nfiles: 492953
    - path: sql/create_cthist_all.sql
      hash: md5
      md5: c98c01d4acd0f12fa5b90ca355af8037
      size: 8389
    outs:
    - path: brick/sliding-window/n-5_20230101/ctgov-studies-all.parquet
      hash: md5
      md5: b7c6c6afb880431fece5c6a7d5968e7a
      size: 19903201
  build-ctgov-studies-hlact-filtered@sliding-window_n-1_20130901:
    cmd:
    - make docker-compose-up
    - mkdir -p $(dirname brick/sliding-window/n-1_20130901/ctgov-studies-hlact.parquet)
    - . .env; script/tt-render-by-param sliding-window_n-1_20130901 sql/create_cthist_hlact.sql
      | duckdb
    deps:
    - path: brick/sliding-window/n-1_20130901/ctgov-studies-all.parquet
      hash: md5
      md5: a907d0aa20829ee4eba7634f29406fd0
      size: 6151114
    - path: download/aact/db-dump/20240430_clinical_trials.zip
      hash: md5
      md5: dd7dd067786f58bbd6cd43758fc1a3da
      size: 1831128430
    - path: sql/create_cthist_hlact.sql
      hash: md5
      md5: a6a598b2d9b875dfd0abd5aae6170915
      size: 4300
    outs:
    - path: brick/sliding-window/n-1_20130901/ctgov-studies-hlact.parquet
      hash: md5
      md5: 1e0517756ca4d135d8205a3538bd8d08
      size: 958846
  build-ctgov-studies-hlact-filtered@sliding-window_n-2_20160101:
    cmd:
    - make docker-compose-up
    - mkdir -p $(dirname brick/sliding-window/n-2_20160101/ctgov-studies-hlact.parquet)
    - . .env; script/tt-render-by-param sliding-window_n-2_20160101 sql/create_cthist_hlact.sql
      | duckdb
    deps:
    - path: brick/sliding-window/n-2_20160101/ctgov-studies-all.parquet
      hash: md5
      md5: 15a89461aa2b8dce4bc71743d6431131
      size: 8522162
    - path: download/aact/db-dump/20240430_clinical_trials.zip
      hash: md5
      md5: dd7dd067786f58bbd6cd43758fc1a3da
      size: 1831128430
    - path: sql/create_cthist_hlact.sql
      hash: md5
      md5: a6a598b2d9b875dfd0abd5aae6170915
      size: 4300
    outs:
    - path: brick/sliding-window/n-2_20160101/ctgov-studies-hlact.parquet
      hash: md5
      md5: ad7aa65b93dd7ef4ccb0276e59af8af7
      size: 1059201
  build-ctgov-studies-hlact-filtered@sliding-window_n-3_20180501:
    cmd:
    - make docker-compose-up
    - mkdir -p $(dirname brick/sliding-window/n-3_20180501/ctgov-studies-hlact.parquet)
    - . .env; script/tt-render-by-param sliding-window_n-3_20180501 sql/create_cthist_hlact.sql
      | duckdb
    deps:
    - path: brick/sliding-window/n-3_20180501/ctgov-studies-all.parquet
      hash: md5
      md5: aacaaaa86009c292850350bffe3a4afc
      size: 11925329
    - path: download/aact/db-dump/20240430_clinical_trials.zip
      hash: md5
      md5: dd7dd067786f58bbd6cd43758fc1a3da
      size: 1831128430
    - path: sql/create_cthist_hlact.sql
      hash: md5
      md5: a6a598b2d9b875dfd0abd5aae6170915
      size: 4300
    outs:
    - path: brick/sliding-window/n-3_20180501/ctgov-studies-hlact.parquet
      hash: md5
      md5: 1fdf0567a6f2bf3a582c8749ea989d6b
      size: 1244597
  build-ctgov-studies-hlact-filtered@sliding-window_n-4_20200901:
    cmd:
    - make docker-compose-up
    - mkdir -p $(dirname brick/sliding-window/n-4_20200901/ctgov-studies-hlact.parquet)
    - . .env; script/tt-render-by-param sliding-window_n-4_20200901 sql/create_cthist_hlact.sql
      | duckdb
    deps:
    - path: brick/sliding-window/n-4_20200901/ctgov-studies-all.parquet
      hash: md5
      md5: aaab04deb2706b6a8a1c7c78a281ca92
      size: 15690655
    - path: download/aact/db-dump/20240430_clinical_trials.zip
      hash: md5
      md5: dd7dd067786f58bbd6cd43758fc1a3da
      size: 1831128430
    - path: sql/create_cthist_hlact.sql
      hash: md5
      md5: a6a598b2d9b875dfd0abd5aae6170915
      size: 4300
    outs:
    - path: brick/sliding-window/n-4_20200901/ctgov-studies-hlact.parquet
      hash: md5
      md5: 7f8378a9873fe9f470ba3fd015442b1c
      size: 1501195
  build-ctgov-studies-hlact-filtered@sliding-window_n-5_20230101:
    cmd:
    - make docker-compose-up
    - mkdir -p $(dirname brick/sliding-window/n-5_20230101/ctgov-studies-hlact.parquet)
    - . .env; script/tt-render-by-param sliding-window_n-5_20230101 sql/create_cthist_hlact.sql
      | duckdb
    deps:
    - path: brick/sliding-window/n-5_20230101/ctgov-studies-all.parquet
      hash: md5
      md5: b7c6c6afb880431fece5c6a7d5968e7a
      size: 19903201
    - path: download/aact/db-dump/20240430_clinical_trials.zip
      hash: md5
      md5: dd7dd067786f58bbd6cd43758fc1a3da
      size: 1831128430
    - path: sql/create_cthist_hlact.sql
      hash: md5
      md5: a6a598b2d9b875dfd0abd5aae6170915
      size: 4300
    outs:
    - path: brick/sliding-window/n-5_20230101/ctgov-studies-hlact.parquet
      hash: md5
      md5: 127686e57d85a4c7ebcb8e1cfe265d80
      size: 1704928
  analysis-driver-sliding-window:
    cmd: echo "test"
    deps:
    - path: brick/sliding-window
      hash: md5
      md5: 78fcb16d97b4959f396aad983f1a6ce4.dir
      size: 68920013
      nfiles: 10
  analysis-driver-sliding_sliding-window:
    cmd: "Rscript analysis/driver-sliding.R params.yaml sliding-window\n"
    deps:
    - path: analysis/driver-sliding.R
      hash: md5
      md5: 62e4be02b6c535b8c6b6ec6c250430ca
      size: 6709
    - path: brick/sliding-window
      hash: md5
      md5: 8a4493ab5c508ad74a96b8362c26b017.dir
      size: 68661228
      nfiles: 10
    - path: params.yaml
      hash: md5
      md5: 8a3e78f684c5d24b264f290221bde6c7
      size: 3685
    outs:
    - path: figtab/sliding-window
      hash: md5
      md5: 5c1cbae40bca02e2c8e7f240bb5d7a12.dir
      size: 1891218
      nfiles: 7
  build-ctgov-studies-all@long-observe_n-1_20170101:
    cmd:
    - mkdir -p $(dirname brick/long-observe/n-1_20170101/ctgov-studies-all.parquet)
    - ". .env;\n(\n  if [ -n \"$MY_DUCKDB_TEMP_DIR\" ] && [ -d \"$MY_DUCKDB_TEMP_DIR\"\
      \ ]; then\n    echo \"Setting the DuckDB temp_directory to $MY_DUCKDB_TEMP_DIR\"\
      \ >&2 ;\n    echo \"SET temp_directory='$MY_DUCKDB_TEMP_DIR';\" ;\n  fi;\n \
      \ if [ -n \"$MY_DUCKDB_MEMORY_LIMIT\" ]; then\n    echo \"Setting the DuckDB
      memory_limit to $MY_DUCKDB_MEMORY_LIMIT\" >&2 ;\n    echo \"SET memory_limit
      = '$MY_DUCKDB_MEMORY_LIMIT';\" ;\n  fi;\n  script/tt-render-by-param long-observe_n-1_20170101
      sql/create_cthist_all.sql\n) | duckdb\n"
    deps:
    - path: brick/ctgov/historical/records.parquet
      hash: md5
      md5: 395ca67eea0f3859eea87ec3970ce96e
      size: 16627732062
    - path: sql/create_cthist_all.sql
      hash: md5
      md5: bbab96def9beb1d8f2400fd9ee2ae734
      size: 9961
    outs:
    - path: brick/long-observe/n-1_20170101/ctgov-studies-all.parquet
      hash: md5
      md5: 5a7e99227ac732da42bd7a9aa4259c8d
      size: 11207676
  build-ctgov-studies-all@long-observe_n-2_20190101:
    cmd:
    - mkdir -p $(dirname brick/long-observe/n-2_20190101/ctgov-studies-all.parquet)
    - ". .env;\n(\n  if [ -n \"$MY_DUCKDB_TEMP_DIR\" ] && [ -d \"$MY_DUCKDB_TEMP_DIR\"\
      \ ]; then\n    echo \"Setting the DuckDB temp_directory to $MY_DUCKDB_TEMP_DIR\"\
      \ >&2 ;\n    echo \"SET temp_directory='$MY_DUCKDB_TEMP_DIR';\" ;\n  fi;\n \
      \ if [ -n \"$MY_DUCKDB_MEMORY_LIMIT\" ]; then\n    echo \"Setting the DuckDB
      memory_limit to $MY_DUCKDB_MEMORY_LIMIT\" >&2 ;\n    echo \"SET memory_limit
      = '$MY_DUCKDB_MEMORY_LIMIT';\" ;\n  fi;\n  script/tt-render-by-param long-observe_n-2_20190101
      sql/create_cthist_all.sql\n) | duckdb\n"
    deps:
    - path: brick/ctgov/historical/records.parquet
      hash: md5
      md5: 395ca67eea0f3859eea87ec3970ce96e
      size: 16627732062
    - path: sql/create_cthist_all.sql
      hash: md5
      md5: bbab96def9beb1d8f2400fd9ee2ae734
      size: 9961
    outs:
    - path: brick/long-observe/n-2_20190101/ctgov-studies-all.parquet
      hash: md5
      md5: 5c8fafdf98cf052c9e2ed35a5dd1724e
      size: 14977042
  build-ctgov-studies-all@long-observe_n-3_20210101:
    cmd:
    - mkdir -p $(dirname brick/long-observe/n-3_20210101/ctgov-studies-all.parquet)
    - ". .env;\n(\n  if [ -n \"$MY_DUCKDB_TEMP_DIR\" ] && [ -d \"$MY_DUCKDB_TEMP_DIR\"\
      \ ]; then\n    echo \"Setting the DuckDB temp_directory to $MY_DUCKDB_TEMP_DIR\"\
      \ >&2 ;\n    echo \"SET temp_directory='$MY_DUCKDB_TEMP_DIR';\" ;\n  fi;\n \
      \ if [ -n \"$MY_DUCKDB_MEMORY_LIMIT\" ]; then\n    echo \"Setting the DuckDB
      memory_limit to $MY_DUCKDB_MEMORY_LIMIT\" >&2 ;\n    echo \"SET memory_limit
      = '$MY_DUCKDB_MEMORY_LIMIT';\" ;\n  fi;\n  script/tt-render-by-param long-observe_n-3_20210101
      sql/create_cthist_all.sql\n) | duckdb\n"
    deps:
    - path: brick/ctgov/historical/records.parquet
      hash: md5
      md5: 395ca67eea0f3859eea87ec3970ce96e
      size: 16627732062
    - path: sql/create_cthist_all.sql
      hash: md5
      md5: bbab96def9beb1d8f2400fd9ee2ae734
      size: 9961
    outs:
    - path: brick/long-observe/n-3_20210101/ctgov-studies-all.parquet
      hash: md5
      md5: a665bede4e1564b3d64cbfd93b6e87b8
      size: 18946327
  build-ctgov-studies-all@long-observe_n-4_20230101:
    cmd:
    - mkdir -p $(dirname brick/long-observe/n-4_20230101/ctgov-studies-all.parquet)
    - ". .env;\n(\n  if [ -n \"$MY_DUCKDB_TEMP_DIR\" ] && [ -d \"$MY_DUCKDB_TEMP_DIR\"\
      \ ]; then\n    echo \"Setting the DuckDB temp_directory to $MY_DUCKDB_TEMP_DIR\"\
      \ >&2 ;\n    echo \"SET temp_directory='$MY_DUCKDB_TEMP_DIR';\" ;\n  fi;\n \
      \ if [ -n \"$MY_DUCKDB_MEMORY_LIMIT\" ]; then\n    echo \"Setting the DuckDB
      memory_limit to $MY_DUCKDB_MEMORY_LIMIT\" >&2 ;\n    echo \"SET memory_limit
      = '$MY_DUCKDB_MEMORY_LIMIT';\" ;\n  fi;\n  script/tt-render-by-param long-observe_n-4_20230101
      sql/create_cthist_all.sql\n) | duckdb\n"
    deps:
    - path: brick/ctgov/historical/records.parquet
      hash: md5
      md5: 395ca67eea0f3859eea87ec3970ce96e
      size: 16627732062
    - path: sql/create_cthist_all.sql
      hash: md5
      md5: bbab96def9beb1d8f2400fd9ee2ae734
      size: 9961
    outs:
    - path: brick/long-observe/n-4_20230101/ctgov-studies-all.parquet
      hash: md5
      md5: 364abec4d5d59370a39bd8b630c66363
      size: 23042871
  build-ctgov-studies-hlact-filtered@long-observe_n-1_20170101:
    cmd:
    - make docker-compose-up
    - mkdir -p $(dirname brick/long-observe/n-1_20170101/ctgov-studies-hlact.parquet)
    - . .env; script/tt-render-by-param long-observe_n-1_20170101 sql/create_cthist_hlact.sql
      | duckdb
    deps:
    - path: brick/long-observe/n-1_20170101/ctgov-studies-all.parquet
      hash: md5
      md5: 5a7e99227ac732da42bd7a9aa4259c8d
      size: 11207676
    - path: download/aact/db-dump/20240430_clinical_trials.zip
      hash: md5
      md5: dd7dd067786f58bbd6cd43758fc1a3da
      size: 1831128430
    - path: sql/create_cthist_hlact.sql
      hash: md5
      md5: a6a598b2d9b875dfd0abd5aae6170915
      size: 4300
    outs:
    - path: brick/long-observe/n-1_20170101/ctgov-studies-hlact.parquet
      hash: md5
      md5: b265dd03bf5370ec3377f9266dc9feb0
      size: 984157
  build-ctgov-studies-hlact-filtered@long-observe_n-2_20190101:
    cmd:
    - make docker-compose-up
    - mkdir -p $(dirname brick/long-observe/n-2_20190101/ctgov-studies-hlact.parquet)
    - . .env; script/tt-render-by-param long-observe_n-2_20190101 sql/create_cthist_hlact.sql
      | duckdb
    deps:
    - path: brick/long-observe/n-2_20190101/ctgov-studies-all.parquet
      hash: md5
      md5: 5c8fafdf98cf052c9e2ed35a5dd1724e
      size: 14977042
    - path: download/aact/db-dump/20240430_clinical_trials.zip
      hash: md5
      md5: dd7dd067786f58bbd6cd43758fc1a3da
      size: 1831128430
    - path: sql/create_cthist_hlact.sql
      hash: md5
      md5: a6a598b2d9b875dfd0abd5aae6170915
      size: 4300
    outs:
    - path: brick/long-observe/n-2_20190101/ctgov-studies-hlact.parquet
      hash: md5
      md5: 54dbcc29ba0fe89a9cf8f71c08e5ad20
      size: 1103602
  build-ctgov-studies-hlact-filtered@long-observe_n-3_20210101:
    cmd:
    - make docker-compose-up
    - mkdir -p $(dirname brick/long-observe/n-3_20210101/ctgov-studies-hlact.parquet)
    - . .env; script/tt-render-by-param long-observe_n-3_20210101 sql/create_cthist_hlact.sql
      | duckdb
    deps:
    - path: brick/long-observe/n-3_20210101/ctgov-studies-all.parquet
      hash: md5
      md5: a665bede4e1564b3d64cbfd93b6e87b8
      size: 18946327
    - path: download/aact/db-dump/20240430_clinical_trials.zip
      hash: md5
      md5: dd7dd067786f58bbd6cd43758fc1a3da
      size: 1831128430
    - path: sql/create_cthist_hlact.sql
      hash: md5
      md5: a6a598b2d9b875dfd0abd5aae6170915
      size: 4300
    outs:
    - path: brick/long-observe/n-3_20210101/ctgov-studies-hlact.parquet
      hash: md5
      md5: e5f2a0cf9c81a312cb9301380c4381e3
      size: 1211055
  build-ctgov-studies-hlact-filtered@long-observe_n-4_20230101:
    cmd:
    - make docker-compose-up
    - mkdir -p $(dirname brick/long-observe/n-4_20230101/ctgov-studies-hlact.parquet)
    - . .env; script/tt-render-by-param long-observe_n-4_20230101 sql/create_cthist_hlact.sql
      | duckdb
    deps:
    - path: brick/long-observe/n-4_20230101/ctgov-studies-all.parquet
      hash: md5
      md5: 364abec4d5d59370a39bd8b630c66363
      size: 23042871
    - path: download/aact/db-dump/20240430_clinical_trials.zip
      hash: md5
      md5: dd7dd067786f58bbd6cd43758fc1a3da
      size: 1831128430
    - path: sql/create_cthist_hlact.sql
      hash: md5
      md5: a6a598b2d9b875dfd0abd5aae6170915
      size: 4300
    outs:
    - path: brick/long-observe/n-4_20230101/ctgov-studies-hlact.parquet
      hash: md5
      md5: 6b2342a03f7afc67d530624bafcaa1b7
      size: 1383247
  analysis-driver-sliding_long-observe:
    cmd: "Rscript analysis/driver-sliding.R params.yaml long-observe\n"
    deps:
    - path: analysis/driver-sliding.R
      hash: md5
      md5: 7de93bd9e23e3a25ff8413b03b586687
      size: 1170
    - path: brick/long-observe
      hash: md5
      md5: a2fb27353f19e8b5cf44a9d9bff7035b.dir
      size: 129405426
      nfiles: 14
    - path: params.yaml
      hash: md5
      md5: e06b7cfc64e936b80e3e0d27e348c329
      size: 4875
    outs:
    - path: figtab/long-observe
      hash: md5
      md5: 35e1eb1d087f0bce7044308344dbcf22.dir
      size: 609550
      nfiles: 3
  build-ctgov-studies-all@rule-effective-date-before:
    cmd:
    - mkdir -p $(dirname brick/rule-effective-date-before/ctgov-studies-all.parquet)
    - ". .env;\n(\n  if [ -n \"$MY_DUCKDB_TEMP_DIR\" ] && [ -d \"$MY_DUCKDB_TEMP_DIR\"\
      \ ]; then\n    echo \"Setting the DuckDB temp_directory to $MY_DUCKDB_TEMP_DIR\"\
      \ >&2 ;\n    echo \"SET temp_directory='$MY_DUCKDB_TEMP_DIR';\" ;\n  fi;\n \
      \ if [ -n \"$MY_DUCKDB_MEMORY_LIMIT\" ]; then\n    echo \"Setting the DuckDB
      memory_limit to $MY_DUCKDB_MEMORY_LIMIT\" >&2 ;\n    echo \"SET memory_limit
      = '$MY_DUCKDB_MEMORY_LIMIT';\" ;\n  fi;\n  script/tt-render-by-param rule-effective-date-before
      sql/create_cthist_all.sql\n) | duckdb\n"
    deps:
    - path: brick/ctgov/historical/records.parquet
      hash: md5
      md5: 395ca67eea0f3859eea87ec3970ce96e
      size: 16627732062
    - path: sql/create_cthist_all.sql
      hash: md5
      md5: bbab96def9beb1d8f2400fd9ee2ae734
      size: 9961
    outs:
    - path: brick/rule-effective-date-before/ctgov-studies-all.parquet
      hash: md5
      md5: 8b0d1d87db55cc729be4329a7bf6fe18
      size: 11909050
  build-ctgov-studies-all@rule-effective-date-after:
    cmd:
    - mkdir -p $(dirname brick/rule-effective-date-after/ctgov-studies-all.parquet)
    - ". .env;\n(\n  if [ -n \"$MY_DUCKDB_TEMP_DIR\" ] && [ -d \"$MY_DUCKDB_TEMP_DIR\"\
      \ ]; then\n    echo \"Setting the DuckDB temp_directory to $MY_DUCKDB_TEMP_DIR\"\
      \ >&2 ;\n    echo \"SET temp_directory='$MY_DUCKDB_TEMP_DIR';\" ;\n  fi;\n \
      \ if [ -n \"$MY_DUCKDB_MEMORY_LIMIT\" ]; then\n    echo \"Setting the DuckDB
      memory_limit to $MY_DUCKDB_MEMORY_LIMIT\" >&2 ;\n    echo \"SET memory_limit
      = '$MY_DUCKDB_MEMORY_LIMIT';\" ;\n  fi;\n  script/tt-render-by-param rule-effective-date-after
      sql/create_cthist_all.sql\n) | duckdb\n"
    deps:
    - path: brick/ctgov/historical/records.parquet
      hash: md5
      md5: 395ca67eea0f3859eea87ec3970ce96e
      size: 16627732062
    - path: sql/create_cthist_all.sql
      hash: md5
      md5: bbab96def9beb1d8f2400fd9ee2ae734
      size: 9961
    outs:
    - path: brick/rule-effective-date-after/ctgov-studies-all.parquet
      hash: md5
      md5: 5aaeb212bb2b11fcc4d7b0fc5ac5f3fe
      size: 25875278
  build-ctgov-studies-hlact-filtered@rule-effective-date-before:
    cmd:
    - make docker-compose-up
    - mkdir -p $(dirname brick/rule-effective-date-before/ctgov-studies-hlact.parquet)
    - . .env; script/tt-render-by-param rule-effective-date-before sql/create_cthist_hlact.sql
      | duckdb
    deps:
    - path: brick/rule-effective-date-before/ctgov-studies-all.parquet
      hash: md5
      md5: 8b0d1d87db55cc729be4329a7bf6fe18
      size: 11909050
    - path: download/aact/db-dump/20240430_clinical_trials.zip
      hash: md5
      md5: dd7dd067786f58bbd6cd43758fc1a3da
      size: 1831128430
    - path: sql/create_cthist_hlact.sql
      hash: md5
      md5: a6a598b2d9b875dfd0abd5aae6170915
      size: 4300
    outs:
    - path: brick/rule-effective-date-before/ctgov-studies-hlact.parquet
      hash: md5
      md5: 73a8414a83b1e220b1772f3b1d8fcc3a
      size: 1023767
  build-ctgov-studies-hlact-filtered@rule-effective-date-after:
    cmd:
    - make docker-compose-up
    - mkdir -p $(dirname brick/rule-effective-date-after/ctgov-studies-hlact.parquet)
    - . .env; script/tt-render-by-param rule-effective-date-after sql/create_cthist_hlact.sql
      | duckdb
    deps:
    - path: brick/rule-effective-date-after/ctgov-studies-all.parquet
      hash: md5
      md5: 5aaeb212bb2b11fcc4d7b0fc5ac5f3fe
      size: 25875278
    - path: download/aact/db-dump/20240430_clinical_trials.zip
      hash: md5
      md5: dd7dd067786f58bbd6cd43758fc1a3da
      size: 1831128430
    - path: sql/create_cthist_hlact.sql
      hash: md5
      md5: a6a598b2d9b875dfd0abd5aae6170915
      size: 4300
    outs:
    - path: brick/rule-effective-date-after/ctgov-studies-hlact.parquet
      hash: md5
      md5: 03bd544490d872b8a2183886ddd2203a
      size: 1632521
  build-ctgov-historical-records:
    cmd:
    - mkdir -p brick/ctgov/historical
    - duckdb < sql/create_cthist_preproc.sql
    deps:
    - path: download/ctgov/historical
      hash: md5
      md5: e040593bab918704633877b9b5c89197.dir
      size: 72594385446
      nfiles: 492953
    - path: sql/create_cthist_preproc.sql
      hash: md5
      md5: 4fd82a3d7cb02bd8c66f6b2398a78083
      size: 801
    outs:
    - path: brick/ctgov/historical/records.parquet
      hash: md5
      md5: 395ca67eea0f3859eea87ec3970ce96e
      size: 16627732062
